// !$*UTF8*$!
{
	archiveVersion = 1;
	classes = {
	};
	objectVersion = 56;
	objects = {

/* Begin PBXBuildFile section */
		65BB8ABC299BE2C900E5C3FA /* AppDelegate.swift in Sources */ = {isa = PBXBuildFile; fileRef = 65BB8ABB299BE2C900E5C3FA /* AppDelegate.swift */; };
		65BB8ABE299BE2C900E5C3FA /* SceneDelegate.swift in Sources */ = {isa = PBXBuildFile; fileRef = 65BB8ABD299BE2C900E5C3FA /* SceneDelegate.swift */; };
		65BB8AC0299BE2C900E5C3FA /* ViewController.swift in Sources */ = {isa = PBXBuildFile; fileRef = 65BB8ABF299BE2C900E5C3FA /* ViewController.swift */; };
		65BB8AC3299BE2C900E5C3FA /* Main.storyboard in Resources */ = {isa = PBXBuildFile; fileRef = 65BB8AC1299BE2C900E5C3FA /* Main.storyboard */; };
		65BB8AC5299BE2CB00E5C3FA /* Assets.xcassets in Resources */ = {isa = PBXBuildFile; fileRef = 65BB8AC4299BE2CB00E5C3FA /* Assets.xcassets */; };
		65BB8AC8299BE2CB00E5C3FA /* LaunchScreen.storyboard in Resources */ = {isa = PBXBuildFile; fileRef = 65BB8AC6299BE2CB00E5C3FA /* LaunchScreen.storyboard */; };
		65BB8AD3299BE2CB00E5C3FA /* CounterTests.swift in Sources */ = {isa = PBXBuildFile; fileRef = 65BB8AD2299BE2CB00E5C3FA /* CounterTests.swift */; };
		65BB8ADD299BE2CB00E5C3FA /* CounterUITests.swift in Sources */ = {isa = PBXBuildFile; fileRef = 65BB8ADC299BE2CB00E5C3FA /* CounterUITests.swift */; };
		65BB8ADF299BE2CB00E5C3FA /* CounterUITestsLaunchTests.swift in Sources */ = {isa = PBXBuildFile; fileRef = 65BB8ADE299BE2CB00E5C3FA /* CounterUITestsLaunchTests.swift */; };
/* End PBXBuildFile section */

/* Begin PBXContainerItemProxy section */
		65BB8ACF299BE2CB00E5C3FA /* PBXContainerItemProxy */ = {
			isa = PBXContainerItemProxy;
			containerPortal = 65BB8AB0299BE2C900E5C3FA /* Project object */;
			proxyType = 1;
			remoteGlobalIDString = 65BB8AB7299BE2C900E5C3FA;
			remoteInfo = Counter;
		};
		65BB8AD9299BE2CB00E5C3FA /* PBXContainerItemProxy */ = {
			isa = PBXContainerItemProxy;
			containerPortal = 65BB8AB0299BE2C900E5C3FA /* Project object */;
			proxyType = 1;
			remoteGlobalIDString = 65BB8AB7299BE2C900E5C3FA;
			remoteInfo = Counter;
		};
/* End PBXContainerItemProxy section */

/* Begin PBXFileReference section */
		65BB8AB8299BE2C900E5C3FA /* Counter.app */ = {isa = PBXFileReference; explicitFileType = wrapper.application; includeInIndex = 0; path = Counter.app; sourceTree = BUILT_PRODUCTS_DIR; };
		65BB8ABB299BE2C900E5C3FA /* AppDelegate.swift */ = {isa = PBXFileReference; lastKnownFileType = sourcecode.swift; path = AppDelegate.swift; sourceTree = "<group>"; };
		65BB8ABD299BE2C900E5C3FA /* SceneDelegate.swift */ = {isa = PBXFileReference; lastKnownFileType = sourcecode.swift; path = SceneDelegate.swift; sourceTree = "<group>"; };
		65BB8ABF299BE2C900E5C3FA /* ViewController.swift */ = {isa = PBXFileReference; lastKnownFileType = sourcecode.swift; path = ViewController.swift; sourceTree = "<group>"; };
		65BB8AC2299BE2C900E5C3FA /* Base */ = {isa = PBXFileReference; lastKnownFileType = file.storyboard; name = Base; path = Base.lproj/Main.storyboard; sourceTree = "<group>"; };
		65BB8AC4299BE2CB00E5C3FA /* Assets.xcassets */ = {isa = PBXFileReference; lastKnownFileType = folder.assetcatalog; path = Assets.xcassets; sourceTree = "<group>"; };
		65BB8AC7299BE2CB00E5C3FA /* Base */ = {isa = PBXFileReference; lastKnownFileType = file.storyboard; name = Base; path = Base.lproj/LaunchScreen.storyboard; sourceTree = "<group>"; };
		65BB8AC9299BE2CB00E5C3FA /* Info.plist */ = {isa = PBXFileReference; lastKnownFileType = text.plist.xml; path = Info.plist; sourceTree = "<group>"; };
		65BB8ACE299BE2CB00E5C3FA /* CounterTests.xctest */ = {isa = PBXFileReference; explicitFileType = wrapper.cfbundle; includeInIndex = 0; path = CounterTests.xctest; sourceTree = BUILT_PRODUCTS_DIR; };
		65BB8AD2299BE2CB00E5C3FA /* CounterTests.swift */ = {isa = PBXFileReference; lastKnownFileType = sourcecode.swift; path = CounterTests.swift; sourceTree = "<group>"; };
		65BB8AD8299BE2CB00E5C3FA /* CounterUITests.xctest */ = {isa = PBXFileReference; explicitFileType = wrapper.cfbundle; includeInIndex = 0; path = CounterUITests.xctest; sourceTree = BUILT_PRODUCTS_DIR; };
		65BB8ADC299BE2CB00E5C3FA /* CounterUITests.swift */ = {isa = PBXFileReference; lastKnownFileType = sourcecode.swift; path = CounterUITests.swift; sourceTree = "<group>"; };
		65BB8ADE299BE2CB00E5C3FA /* CounterUITestsLaunchTests.swift */ = {isa = PBXFileReference; lastKnownFileType = sourcecode.swift; path = CounterUITestsLaunchTests.swift; sourceTree = "<group>"; };
/* End PBXFileReference section */

/* Begin PBXFrameworksBuildPhase section */
		65BB8AB5299BE2C900E5C3FA /* Frameworks */ = {
			isa = PBXFrameworksBuildPhase;
			buildActionMask = 2147483647;
			files = (
			);
			runOnlyForDeploymentPostprocessing = 0;
		};
		65BB8ACB299BE2CB00E5C3FA /* Frameworks */ = {
			isa = PBXFrameworksBuildPhase;
			buildActionMask = 2147483647;
			files = (
			);
			runOnlyForDeploymentPostprocessing = 0;
		};
		65BB8AD5299BE2CB00E5C3FA /* Frameworks */ = {
			isa = PBXFrameworksBuildPhase;
			buildActionMask = 2147483647;
			files = (
			);
			runOnlyForDeploymentPostprocessing = 0;
		};
/* End PBXFrameworksBuildPhase section */

/* Begin PBXGroup section */
		65BB8AAF299BE2C900E5C3FA = {
			isa = PBXGroup;
			children = (
				65BB8ABA299BE2C900E5C3FA /* Counter */,
				65BB8AD1299BE2CB00E5C3FA /* CounterTests */,
				65BB8ADB299BE2CB00E5C3FA /* CounterUITests */,
				65BB8AB9299BE2C900E5C3FA /* Products */,
			);
			sourceTree = "<group>";
		};
		65BB8AB9299BE2C900E5C3FA /* Products */ = {
			isa = PBXGroup;
			children = (
				65BB8AB8299BE2C900E5C3FA /* Counter.app */,
				65BB8ACE299BE2CB00E5C3FA /* CounterTests.xctest */,
				65BB8AD8299BE2CB00E5C3FA /* CounterUITests.xctest */,
			);
			name = Products;
			sourceTree = "<group>";
		};
		65BB8ABA299BE2C900E5C3FA /* Counter */ = {
			isa = PBXGroup;
			children = (
				65BB8ABB299BE2C900E5C3FA /* AppDelegate.swift */,
				65BB8ABD299BE2C900E5C3FA /* SceneDelegate.swift */,
				65BB8ABF299BE2C900E5C3FA /* ViewController.swift */,
				65BB8AC1299BE2C900E5C3FA /* Main.storyboard */,
				65BB8AC4299BE2CB00E5C3FA /* Assets.xcassets */,
				65BB8AC6299BE2CB00E5C3FA /* LaunchScreen.storyboard */,
				65BB8AC9299BE2CB00E5C3FA /* Info.plist */,
			);
			path = Counter;
			sourceTree = "<group>";
		};
		65BB8AD1299BE2CB00E5C3FA /* CounterTests */ = {
			isa = PBXGroup;
			children = (
				65BB8AD2299BE2CB00E5C3FA /* CounterTests.swift */,
			);
			path = CounterTests;
			sourceTree = "<group>";
		};
		65BB8ADB299BE2CB00E5C3FA /* CounterUITests */ = {
			isa = PBXGroup;
			children = (
				65BB8ADC299BE2CB00E5C3FA /* CounterUITests.swift */,
				65BB8ADE299BE2CB00E5C3FA /* CounterUITestsLaunchTests.swift */,
			);
			path = CounterUITests;
			sourceTree = "<group>";
		};
/* End PBXGroup section */

/* Begin PBXNativeTarget section */
		65BB8AB7299BE2C900E5C3FA /* Counter */ = {
			isa = PBXNativeTarget;
			buildConfigurationList = 65BB8AE2299BE2CB00E5C3FA /* Build configuration list for PBXNativeTarget "Counter" */;
			buildPhases = (
				65BB8AB4299BE2C900E5C3FA /* Sources */,
				65BB8AB5299BE2C900E5C3FA /* Frameworks */,
				65BB8AB6299BE2C900E5C3FA /* Resources */,
			);
			buildRules = (
			);
			dependencies = (
			);
			name = Counter;
			productName = Counter;
			productReference = 65BB8AB8299BE2C900E5C3FA /* Counter.app */;
			productType = "com.apple.product-type.application";
		};
		65BB8ACD299BE2CB00E5C3FA /* CounterTests */ = {
			isa = PBXNativeTarget;
			buildConfigurationList = 65BB8AE5299BE2CB00E5C3FA /* Build configuration list for PBXNativeTarget "CounterTests" */;
			buildPhases = (
				65BB8ACA299BE2CB00E5C3FA /* Sources */,
				65BB8ACB299BE2CB00E5C3FA /* Frameworks */,
				65BB8ACC299BE2CB00E5C3FA /* Resources */,
			);
			buildRules = (
			);
			dependencies = (
				65BB8AD0299BE2CB00E5C3FA /* PBXTargetDependency */,
			);
			name = CounterTests;
			productName = CounterTests;
			productReference = 65BB8ACE299BE2CB00E5C3FA /* CounterTests.xctest */;
			productType = "com.apple.product-type.bundle.unit-test";
		};
		65BB8AD7299BE2CB00E5C3FA /* CounterUITests */ = {
			isa = PBXNativeTarget;
			buildConfigurationList = 65BB8AE8299BE2CB00E5C3FA /* Build configuration list for PBXNativeTarget "CounterUITests" */;
			buildPhases = (
				65BB8AD4299BE2CB00E5C3FA /* Sources */,
				65BB8AD5299BE2CB00E5C3FA /* Frameworks */,
				65BB8AD6299BE2CB00E5C3FA /* Resources */,
			);
			buildRules = (
			);
			dependencies = (
				65BB8ADA299BE2CB00E5C3FA /* PBXTargetDependency */,
			);
			name = CounterUITests;
			productName = CounterUITests;
			productReference = 65BB8AD8299BE2CB00E5C3FA /* CounterUITests.xctest */;
			productType = "com.apple.product-type.bundle.ui-testing";
		};
/* End PBXNativeTarget section */

/* Begin PBXProject section */
		65BB8AB0299BE2C900E5C3FA /* Project object */ = {
			isa = PBXProject;
			attributes = {
				BuildIndependentTargetsInParallel = 1;
				LastSwiftUpdateCheck = 1420;
				LastUpgradeCheck = 1420;
				TargetAttributes = {
					65BB8AB7299BE2C900E5C3FA = {
						CreatedOnToolsVersion = 14.2;
					};
					65BB8ACD299BE2CB00E5C3FA = {
						CreatedOnToolsVersion = 14.2;
						TestTargetID = 65BB8AB7299BE2C900E5C3FA;
					};
					65BB8AD7299BE2CB00E5C3FA = {
						CreatedOnToolsVersion = 14.2;
						TestTargetID = 65BB8AB7299BE2C900E5C3FA;
					};
				};
			};
			buildConfigurationList = 65BB8AB3299BE2C900E5C3FA /* Build configuration list for PBXProject "Counter" */;
			compatibilityVersion = "Xcode 14.0";
			developmentRegion = en;
			hasScannedForEncodings = 0;
			knownRegions = (
				en,
				Base,
			);
			mainGroup = 65BB8AAF299BE2C900E5C3FA;
			productRefGroup = 65BB8AB9299BE2C900E5C3FA /* Products */;
			projectDirPath = "";
			projectRoot = "";
			targets = (
				65BB8AB7299BE2C900E5C3FA /* Counter */,
				65BB8ACD299BE2CB00E5C3FA /* CounterTests */,
				65BB8AD7299BE2CB00E5C3FA /* CounterUITests */,
			);
		};
/* End PBXProject section */

/* Begin PBXResourcesBuildPhase section */
		65BB8AB6299BE2C900E5C3FA /* Resources */ = {
			isa = PBXResourcesBuildPhase;
			buildActionMask = 2147483647;
			files = (
				65BB8AC8299BE2CB00E5C3FA /* LaunchScreen.storyboard in Resources */,
				65BB8AC5299BE2CB00E5C3FA /* Assets.xcassets in Resources */,
				65BB8AC3299BE2C900E5C3FA /* Main.storyboard in Resources */,
			);
			runOnlyForDeploymentPostprocessing = 0;
		};
		65BB8ACC299BE2CB00E5C3FA /* Resources */ = {
			isa = PBXResourcesBuildPhase;
			buildActionMask = 2147483647;
			files = (
			);
			runOnlyForDeploymentPostprocessing = 0;
		};
		65BB8AD6299BE2CB00E5C3FA /* Resources */ = {
			isa = PBXResourcesBuildPhase;
			buildActionMask = 2147483647;
			files = (
			);
			runOnlyForDeploymentPostprocessing = 0;
		};
/* End PBXResourcesBuildPhase section */

/* Begin PBXSourcesBuildPhase section */
		65BB8AB4299BE2C900E5C3FA /* Sources */ = {
			isa = PBXSourcesBuildPhase;
			buildActionMask = 2147483647;
			files = (
				65BB8AC0299BE2C900E5C3FA /* ViewController.swift in Sources */,
				65BB8ABC299BE2C900E5C3FA /* AppDelegate.swift in Sources */,
				65BB8ABE299BE2C900E5C3FA /* SceneDelegate.swift in Sources */,
			);
			runOnlyForDeploymentPostprocessing = 0;
		};
		65BB8ACA299BE2CB00E5C3FA /* Sources */ = {
			isa = PBXSourcesBuildPhase;
			buildActionMask = 2147483647;
			files = (
				65BB8AD3299BE2CB00E5C3FA /* CounterTests.swift in Sources */,
			);
			runOnlyForDeploymentPostprocessing = 0;
		};
		65BB8AD4299BE2CB00E5C3FA /* Sources */ = {
			isa = PBXSourcesBuildPhase;
			buildActionMask = 2147483647;
			files = (
				65BB8ADD299BE2CB00E5C3FA /* CounterUITests.swift in Sources */,
				65BB8ADF299BE2CB00E5C3FA /* CounterUITestsLaunchTests.swift in Sources */,
			);
			runOnlyForDeploymentPostprocessing = 0;
		};
/* End PBXSourcesBuildPhase section */

/* Begin PBXTargetDependency section */
		65BB8AD0299BE2CB00E5C3FA /* PBXTargetDependency */ = {
			isa = PBXTargetDependency;
			target = 65BB8AB7299BE2C900E5C3FA /* Counter */;
			targetProxy = 65BB8ACF299BE2CB00E5C3FA /* PBXContainerItemProxy */;
		};
		65BB8ADA299BE2CB00E5C3FA /* PBXTargetDependency */ = {
			isa = PBXTargetDependency;
			target = 65BB8AB7299BE2C900E5C3FA /* Counter */;
			targetProxy = 65BB8AD9299BE2CB00E5C3FA /* PBXContainerItemProxy */;
		};
/* End PBXTargetDependency section */

/* Begin PBXVariantGroup section */
		65BB8AC1299BE2C900E5C3FA /* Main.storyboard */ = {
			isa = PBXVariantGroup;
			children = (
				65BB8AC2299BE2C900E5C3FA /* Base */,
			);
			name = Main.storyboard;
			sourceTree = "<group>";
		};
		65BB8AC6299BE2CB00E5C3FA /* LaunchScreen.storyboard */ = {
			isa = PBXVariantGroup;
			children = (
				65BB8AC7299BE2CB00E5C3FA /* Base */,
			);
			name = LaunchScreen.storyboard;
			sourceTree = "<group>";
		};
/* End PBXVariantGroup section */

/* Begin XCBuildConfiguration section */
		65BB8AE0299BE2CB00E5C3FA /* Debug */ = {
			isa = XCBuildConfiguration;
			buildSettings = {
				ALWAYS_SEARCH_USER_PATHS = NO;
				CLANG_ANALYZER_NONNULL = YES;
				CLANG_ANALYZER_NUMBER_OBJECT_CONVERSION = YES_AGGRESSIVE;
				CLANG_CXX_LANGUAGE_STANDARD = "gnu++20";
				CLANG_ENABLE_MODULES = YES;
				CLANG_ENABLE_OBJC_ARC = YES;
				CLANG_ENABLE_OBJC_WEAK = YES;
				CLANG_WARN_BLOCK_CAPTURE_AUTORELEASING = YES;
				CLANG_WARN_BOOL_CONVERSION = YES;
				CLANG_WARN_COMMA = YES;
				CLANG_WARN_CONSTANT_CONVERSION = YES;
				CLANG_WARN_DEPRECATED_OBJC_IMPLEMENTATIONS = YES;
				CLANG_WARN_DIRECT_OBJC_ISA_USAGE = YES_ERROR;
				CLANG_WARN_DOCUMENTATION_COMMENTS = YES;
				CLANG_WARN_EMPTY_BODY = YES;
				CLANG_WARN_ENUM_CONVERSION = YES;
				CLANG_WARN_INFINITE_RECURSION = YES;
				CLANG_WARN_INT_CONVERSION = YES;
				CLANG_WARN_NON_LITERAL_NULL_CONVERSION = YES;
				CLANG_WARN_OBJC_IMPLICIT_RETAIN_SELF = YES;
				CLANG_WARN_OBJC_LITERAL_CONVERSION = YES;
				CLANG_WARN_OBJC_ROOT_CLASS = YES_ERROR;
				CLANG_WARN_QUOTED_INCLUDE_IN_FRAMEWORK_HEADER = YES;
				CLANG_WARN_RANGE_LOOP_ANALYSIS = YES;
				CLANG_WARN_STRICT_PROTOTYPES = YES;
				CLANG_WARN_SUSPICIOUS_MOVE = YES;
				CLANG_WARN_UNGUARDED_AVAILABILITY = YES_AGGRESSIVE;
				CLANG_WARN_UNREACHABLE_CODE = YES;
				CLANG_WARN__DUPLICATE_METHOD_MATCH = YES;
				COPY_PHASE_STRIP = NO;
				DEBUG_INFORMATION_FORMAT = dwarf;
				ENABLE_STRICT_OBJC_MSGSEND = YES;
				ENABLE_TESTABILITY = YES;
				GCC_C_LANGUAGE_STANDARD = gnu11;
				GCC_DYNAMIC_NO_PIC = NO;
				GCC_NO_COMMON_BLOCKS = YES;
				GCC_OPTIMIZATION_LEVEL = 0;
				GCC_PREPROCESSOR_DEFINITIONS = (
					"DEBUG=1",
					"$(inherited)",
				);
				GCC_WARN_64_TO_32_BIT_CONVERSION = YES;
				GCC_WARN_ABOUT_RETURN_TYPE = YES_ERROR;
				GCC_WARN_UNDECLARED_SELECTOR = YES;
				GCC_WARN_UNINITIALIZED_AUTOS = YES_AGGRESSIVE;
				GCC_WARN_UNUSED_FUNCTION = YES;
				GCC_WARN_UNUSED_VARIABLE = YES;
				IPHONEOS_DEPLOYMENT_TARGET = 16.2;
				MTL_ENABLE_DEBUG_INFO = INCLUDE_SOURCE;
				MTL_FAST_MATH = YES;
				ONLY_ACTIVE_ARCH = YES;
				SDKROOT = iphoneos;
				SWIFT_ACTIVE_COMPILATION_CONDITIONS = DEBUG;
				SWIFT_OPTIMIZATION_LEVEL = "-Onone";
			};
			name = Debug;
		};
		65BB8AE1299BE2CB00E5C3FA /* Release */ = {
			isa = XCBuildConfiguration;
			buildSettings = {
				ALWAYS_SEARCH_USER_PATHS = NO;
				CLANG_ANALYZER_NONNULL = YES;
				CLANG_ANALYZER_NUMBER_OBJECT_CONVERSION = YES_AGGRESSIVE;
				CLANG_CXX_LANGUAGE_STANDARD = "gnu++20";
				CLANG_ENABLE_MODULES = YES;
				CLANG_ENABLE_OBJC_ARC = YES;
				CLANG_ENABLE_OBJC_WEAK = YES;
				CLANG_WARN_BLOCK_CAPTURE_AUTORELEASING = YES;
				CLANG_WARN_BOOL_CONVERSION = YES;
				CLANG_WARN_COMMA = YES;
				CLANG_WARN_CONSTANT_CONVERSION = YES;
				CLANG_WARN_DEPRECATED_OBJC_IMPLEMENTATIONS = YES;
				CLANG_WARN_DIRECT_OBJC_ISA_USAGE = YES_ERROR;
				CLANG_WARN_DOCUMENTATION_COMMENTS = YES;
				CLANG_WARN_EMPTY_BODY = YES;
				CLANG_WARN_ENUM_CONVERSION = YES;
				CLANG_WARN_INFINITE_RECURSION = YES;
				CLANG_WARN_INT_CONVERSION = YES;
				CLANG_WARN_NON_LITERAL_NULL_CONVERSION = YES;
				CLANG_WARN_OBJC_IMPLICIT_RETAIN_SELF = YES;
				CLANG_WARN_OBJC_LITERAL_CONVERSION = YES;
				CLANG_WARN_OBJC_ROOT_CLASS = YES_ERROR;
				CLANG_WARN_QUOTED_INCLUDE_IN_FRAMEWORK_HEADER = YES;
				CLANG_WARN_RANGE_LOOP_ANALYSIS = YES;
				CLANG_WARN_STRICT_PROTOTYPES = YES;
				CLANG_WARN_SUSPICIOUS_MOVE = YES;
				CLANG_WARN_UNGUARDED_AVAILABILITY = YES_AGGRESSIVE;
				CLANG_WARN_UNREACHABLE_CODE = YES;
				CLANG_WARN__DUPLICATE_METHOD_MATCH = YES;
				COPY_PHASE_STRIP = NO;
				DEBUG_INFORMATION_FORMAT = "dwarf-with-dsym";
				ENABLE_NS_ASSERTIONS = NO;
				ENABLE_STRICT_OBJC_MSGSEND = YES;
				GCC_C_LANGUAGE_STANDARD = gnu11;
				GCC_NO_COMMON_BLOCKS = YES;
				GCC_WARN_64_TO_32_BIT_CONVERSION = YES;
				GCC_WARN_ABOUT_RETURN_TYPE = YES_ERROR;
				GCC_WARN_UNDECLARED_SELECTOR = YES;
				GCC_WARN_UNINITIALIZED_AUTOS = YES_AGGRESSIVE;
				GCC_WARN_UNUSED_FUNCTION = YES;
				GCC_WARN_UNUSED_VARIABLE = YES;
				IPHONEOS_DEPLOYMENT_TARGET = 16.2;
				MTL_ENABLE_DEBUG_INFO = NO;
				MTL_FAST_MATH = YES;
				SDKROOT = iphoneos;
				SWIFT_COMPILATION_MODE = wholemodule;
				SWIFT_OPTIMIZATION_LEVEL = "-O";
				VALIDATE_PRODUCT = YES;
			};
			name = Release;
		};
		65BB8AE3299BE2CB00E5C3FA /* Debug */ = {
			isa = XCBuildConfiguration;
			buildSettings = {
				ASSETCATALOG_COMPILER_APPICON_NAME = AppIcon;
				ASSETCATALOG_COMPILER_GLOBAL_ACCENT_COLOR_NAME = AccentColor;
				CODE_SIGN_STYLE = Automatic;
				CURRENT_PROJECT_VERSION = 1;
				DEVELOPMENT_TEAM = SQ5H34A8NP;
				GENERATE_INFOPLIST_FILE = YES;
				INFOPLIST_FILE = Counter/Info.plist;
				INFOPLIST_KEY_UIApplicationSupportsIndirectInputEvents = YES;
				INFOPLIST_KEY_UILaunchStoryboardName = LaunchScreen;
				INFOPLIST_KEY_UIMainStoryboardFile = Main;
				INFOPLIST_KEY_UISupportedInterfaceOrientations_iPad = "UIInterfaceOrientationPortrait UIInterfaceOrientationPortraitUpsideDown UIInterfaceOrientationLandscapeLeft UIInterfaceOrientationLandscapeRight";
				INFOPLIST_KEY_UISupportedInterfaceOrientations_iPhone = "UIInterfaceOrientationPortrait UIInterfaceOrientationLandscapeLeft UIInterfaceOrientationLandscapeRight";
				LD_RUNPATH_SEARCH_PATHS = (
					"$(inherited)",
					"@executable_path/Frameworks",
				);
				MARKETING_VERSION = 1.0;
				PRODUCT_BUNDLE_IDENTIFIER = d.Counter;
				PRODUCT_NAME = "$(TARGET_NAME)";
				SWIFT_EMIT_LOC_STRINGS = YES;
				SWIFT_VERSION = 5.0;
				TARGETED_DEVICE_FAMILY = "1,2";
			};
			name = Debug;
		};
		65BB8AE4299BE2CB00E5C3FA /* Release */ = {
			isa = XCBuildConfiguration;
			buildSettings = {
				ASSETCATALOG_COMPILER_APPICON_NAME = AppIcon;
				ASSETCATALOG_COMPILER_GLOBAL_ACCENT_COLOR_NAME = AccentColor;
				CODE_SIGN_STYLE = Automatic;
				CURRENT_PROJECT_VERSION = 1;
				DEVELOPMENT_TEAM = SQ5H34A8NP;
				GENERATE_INFOPLIST_FILE = YES;
				INFOPLIST_FILE = Counter/Info.plist;
				INFOPLIST_KEY_UIApplicationSupportsIndirectInputEvents = YES;
				INFOPLIST_KEY_UILaunchStoryboardName = LaunchScreen;
				INFOPLIST_KEY_UIMainStoryboardFile = Main;
				INFOPLIST_KEY_UISupportedInterfaceOrientations_iPad = "UIInterfaceOrientationPortrait UIInterfaceOrientationPortraitUpsideDown UIInterfaceOrientationLandscapeLeft UIInterfaceOrientationLandscapeRight";
				INFOPLIST_KEY_UISupportedInterfaceOrientations_iPhone = "UIInterfaceOrientationPortrait UIInterfaceOrientationLandscapeLeft UIInterfaceOrientationLandscapeRight";
				LD_RUNPATH_SEARCH_PATHS = (
					"$(inherited)",
					"@executable_path/Frameworks",
				);
				MARKETING_VERSION = 1.0;
				PRODUCT_BUNDLE_IDENTIFIER = d.Counter;
				PRODUCT_NAME = "$(TARGET_NAME)";
				SWIFT_EMIT_LOC_STRINGS = YES;
				SWIFT_VERSION = 5.0;
				TARGETED_DEVICE_FAMILY = "1,2";
			};
			name = Release;
		};
		65BB8AE6299BE2CB00E5C3FA /* Debug */ = {
			isa = XCBuildConfiguration;
			buildSettings = {
				ALWAYS_EMBED_SWIFT_STANDARD_LIBRARIES = YES;
				BUNDLE_LOADER = "$(TEST_HOST)";
				CODE_SIGN_STYLE = Automatic;
				CURRENT_PROJECT_VERSION = 1;
				DEVELOPMENT_TEAM = SQ5H34A8NP;
				GENERATE_INFOPLIST_FILE = YES;
				IPHONEOS_DEPLOYMENT_TARGET = 16.2;
				MARKETING_VERSION = 1.0;
				PRODUCT_BUNDLE_IDENTIFIER = d.CounterTests;
				PRODUCT_NAME = "$(TARGET_NAME)";
				SWIFT_EMIT_LOC_STRINGS = NO;
				SWIFT_VERSION = 5.0;
				TARGETED_DEVICE_FAMILY = "1,2";
				TEST_HOST = "$(BUILT_PRODUCTS_DIR)/Counter.app/$(BUNDLE_EXECUTABLE_FOLDER_PATH)/Counter";
			};
			name = Debug;
		};
		65BB8AE7299BE2CB00E5C3FA /* Release */ = {
			isa = XCBuildConfiguration;
			buildSettings = {
				ALWAYS_EMBED_SWIFT_STANDARD_LIBRARIES = YES;
				BUNDLE_LOADER = "$(TEST_HOST)";
				CODE_SIGN_STYLE = Automatic;
				CURRENT_PROJECT_VERSION = 1;
				DEVELOPMENT_TEAM = SQ5H34A8NP;
				GENERATE_INFOPLIST_FILE = YES;
				IPHONEOS_DEPLOYMENT_TARGET = 16.2;
				MARKETING_VERSION = 1.0;
				PRODUCT_BUNDLE_IDENTIFIER = d.CounterTests;
				PRODUCT_NAME = "$(TARGET_NAME)";
				SWIFT_EMIT_LOC_STRINGS = NO;
				SWIFT_VERSION = 5.0;
				TARGETED_DEVICE_FAMILY = "1,2";
				TEST_HOST = "$(BUILT_PRODUCTS_DIR)/Counter.app/$(BUNDLE_EXECUTABLE_FOLDER_PATH)/Counter";
			};
			name = Release;
		};
		65BB8AE9299BE2CB00E5C3FA /* Debug */ = {
			isa = XCBuildConfiguration;
			buildSettings = {
				ALWAYS_EMBED_SWIFT_STANDARD_LIBRARIES = YES;
				CODE_SIGN_STYLE = Automatic;
				CURRENT_PROJECT_VERSION = 1;
				DEVELOPMENT_TEAM = SQ5H34A8NP;
				GENERATE_INFOPLIST_FILE = YES;
				MARKETING_VERSION = 1.0;
				PRODUCT_BUNDLE_IDENTIFIER = d.CounterUITests;
				PRODUCT_NAME = "$(TARGET_NAME)";
				SWIFT_EMIT_LOC_STRINGS = NO;
				SWIFT_VERSION = 5.0;
				TARGETED_DEVICE_FAMILY = "1,2";
				TEST_TARGET_NAME = Counter;
			};
			name = Debug;
		};
		65BB8AEA299BE2CB00E5C3FA /* Release */ = {
			isa = XCBuildConfiguration;
			buildSettings = {
				ALWAYS_EMBED_SWIFT_STANDARD_LIBRARIES = YES;
				CODE_SIGN_STYLE = Automatic;
				CURRENT_PROJECT_VERSION = 1;
				DEVELOPMENT_TEAM = SQ5H34A8NP;
				GENERATE_INFOPLIST_FILE = YES;
				MARKETING_VERSION = 1.0;
				PRODUCT_BUNDLE_IDENTIFIER = d.CounterUITests;
				PRODUCT_NAME = "$(TARGET_NAME)";
				SWIFT_EMIT_LOC_STRINGS = NO;
				SWIFT_VERSION = 5.0;
				TARGETED_DEVICE_FAMILY = "1,2";
				TEST_TARGET_NAME = Counter;
			};
			name = Release;
		};
/* End XCBuildConfiguration section */

/* Begin XCConfigurationList section */
		65BB8AB3299BE2C900E5C3FA /* Build configuration list for PBXProject "Counter" */ = {
			isa = XCConfigurationList;
			buildConfigurations = (
				65BB8AE0299BE2CB00E5C3FA /* Debug */,
				65BB8AE1299BE2CB00E5C3FA /* Release */,
			);
			defaultConfigurationIsVisible = 0;
			defaultConfigurationName = Release;
		};
		65BB8AE2299BE2CB00E5C3FA /* Build configuration list for PBXNativeTarget "Counter" */ = {
			isa = XCConfigurationList;
			buildConfigurations = (
				65BB8AE3299BE2CB00E5C3FA /* Debug */,
				65BB8AE4299BE2CB00E5C3FA /* Release */,
			);
			defaultConfigurationIsVisible = 0;
			defaultConfigurationName = Release;
		};
		65BB8AE5299BE2CB00E5C3FA /* Build configuration list for PBXNativeTarget "CounterTests" */ = {
			isa = XCConfigurationList;
			buildConfigurations = (
				65BB8AE6299BE2CB00E5C3FA /* Debug */,
				65BB8AE7299BE2CB00E5C3FA /* Release */,
			);
			defaultConfigurationIsVisible = 0;
			defaultConfigurationName = Release;
		};
		65BB8AE8299BE2CB00E5C3FA /* Build configuration list for PBXNativeTarget "CounterUITests" */ = {
			isa = XCConfigurationList;
			buildConfigurations = (
				65BB8AE9299BE2CB00E5C3FA /* Debug */,
				65BB8AEA299BE2CB00E5C3FA /* Release */,
			);
			defaultConfigurationIsVisible = 0;
			defaultConfigurationName = Release;
		};
/* End XCConfigurationList section */
	};
	rootObject = 65BB8AB0299BE2C900E5C3FA /* Project object */;
}
